
Microsoft Visual Studio Solution File, Format Version 12.00
# Visual Studio Version 16
VisualStudioVersion = 16.0.31911.196
MinimumVisualStudioVersion = 10.0.40219.1
Project("{FAE04EC0-301F-11D3-BF4B-00C04F79EFBC}") = "Class-Homework", "Class-Homework\Class-Homework.csproj", "{F3215DBC-AE5B-4AF3-907F-0B09C29D96AF}"
EndProject
Global
	GlobalSection(SolutionConfigurationPlatforms) = preSolution
		Debug|Any CPU = Debug|Any CPU
		Release|Any CPU = Release|Any CPU
	EndGlobalSection
	GlobalSection(ProjectConfigurationPlatforms) = postSolution
		{F3215DBC-AE5B-4AF3-907F-0B09C29D96AF}.Debug|Any CPU.ActiveCfg = Debug|Any CPU
		{F3215DBC-AE5B-4AF3-907F-0B09C29D96AF}.Debug|Any CPU.Build.0 = Debug|Any CPU
		{F3215DBC-AE5B-4AF3-907F-0B09C29D96AF}.Release|Any CPU.ActiveCfg = Release|Any CPU
		{F3215DBC-AE5B-4AF3-907F-0B09C29D96AF}.Release|Any CPU.Build.0 = Release|Any CPU
	EndGlobalSection
	GlobalSection(SolutionProperties) = preSolution
		HideSolutionNode = FALSE
	EndGlobalSection
	GlobalSection(ExtensibilityGlobals) = postSolution
		SolutionGuid = {8611C3FF-F98C-464B-80D6-165C30E91616}
	EndGlobalSection
EndGlobal
